# This file is autogenerated, do not edit; changes may be undone by the next 'dep ensure'.


[[projects]]
  name = "github.com/BurntSushi/toml"
  packages = ["."]
  revision = "99064174e013895bbd9b025c31100bd1d9b590ca"

[[projects]]
  name = "github.com/Sirupsen/logrus"
  packages = ["."]
  revision = "4b6ea7319e214d98c938f12692336f7ca9348d6b"
  version = "v0.10.0"

[[projects]]
  name = "github.com/dgrijalva/jwt-go"
  packages = ["."]
  revision = "dbeaa9332f19a944acb5736b4456cfcc02140e29"
  version = "v3.1.0"

[[projects]]
  name = "github.com/go-sql-driver/mysql"
  packages = ["."]
  revision = "0b58b37b664c21f3010e836f1b931e1d0b0b0685"

[[projects]]
  name = "github.com/labstack/echo"
  packages = [
    ".",
    "context",
    "engine",
    "engine/standard",
    "log"
  ]
  revision = "04e6901d05b58ddbae579a6252a3d1bb3f334adc"
  version = "v2.1"

[[projects]]
  name = "github.com/labstack/gommon"
  packages = [
    "color",
    "log"
  ]
  revision = "431777a5117c8de4352a400dad1e2a55f484b189"

[[projects]]
  name = "github.com/mattn/go-colorable"
  packages = ["."]
  revision = "ed8eb9e318d7a84ce5915b495b7d35e0cfe7b5a8"
  version = "v0.0.6"

[[projects]]
  name = "github.com/mattn/go-isatty"
  packages = ["."]
  revision = "66b8e73f3f5cda9f96b69efd03dd3d7fc4a5cdb8"

[[projects]]
  name = "github.com/sideshow/apns2"
  packages = [
    ".",
    "certificate",
    "payload",
    "token"
  ]
  revision = "df275e5c35d2814db5013184c3fe18a33439eaa3"
  version = "v0.14"

[[projects]]
  name = "github.com/valyala/fasttemplate"
  packages = ["."]
  revision = "3b874956e03f1636d171bda64b130f9135f42cff"

[[projects]]
  name = "golang.org/x/crypto"
  packages = [
    "pkcs12",
    "pkcs12/internal/rc2"
  ]
  revision = "3c0d69f1777220f1a1d2ec373cb94a282f03eb42"

[[projects]]
  name = "golang.org/x/net"
  packages = [
    "context",
    "context/ctxhttp",
    "http2",
    "http2/hpack",
    "lex/httplex"
  ]
  revision = "9313baa13d9262e49d07b20ed57dceafcd7240cc"

[[projects]]
  name = "golang.org/x/sys"
  packages = ["unix"]
  revision = "30de6d19a3bd89a5f38ae4028e23aaa5582648af"

[solve-meta]
  analyzer-name = "dep"
  analyzer-version = 1
  inputs-digest = "e30d8307c5a9a51dd57aebe7b42456ce751109160e30417120c7f2411174223b"
  solver-name = "gps-cdcl"
  solver-version = 1
